// !$*UTF8*$!
{
	archiveVersion = 1;
	classes = {
	};
	objectVersion = 56;
	objects = {

/* Begin PBXBuildFile section */
		F11742352B0A2BFD00C74951 /* CustomChatCell.swift in Sources */ = {isa = PBXBuildFile; fileRef = F11742342B0A2BFD00C74951 /* CustomChatCell.swift */; };
		F11742382B0A2CB100C74951 /* MessageKit in Frameworks */ = {isa = PBXBuildFile; productRef = F11742372B0A2CB100C74951 /* MessageKit */; };
		F117423A2B0A2CCC00C74951 /* MessageKit in Frameworks */ = {isa = PBXBuildFile; productRef = F11742392B0A2CCC00C74951 /* MessageKit */; };
		F12D22A02B09AE6E00DF9E2F /* TasksView.swift in Sources */ = {isa = PBXBuildFile; fileRef = F12D229F2B09AE6E00DF9E2F /* TasksView.swift */; };
		F12D22A42B09B1D700DF9E2F /* Task.swift in Sources */ = {isa = PBXBuildFile; fileRef = F12D22A32B09B1D700DF9E2F /* Task.swift */; };
		F12D22A62B09DB4800DF9E2F /* DetailedTaskView.swift in Sources */ = {isa = PBXBuildFile; fileRef = F12D22A52B09DB4800DF9E2F /* DetailedTaskView.swift */; };
		F12D22C52B09FDC000DF9E2F /* SwiftNFC in Frameworks */ = {isa = PBXBuildFile; productRef = F12D22C42B09FDC000DF9E2F /* SwiftNFC */; };
		F12D22C92B0A025400DF9E2F /* GifImage.swift in Sources */ = {isa = PBXBuildFile; fileRef = F12D22C82B0A025400DF9E2F /* GifImage.swift */; };
		F12D22CC2B0A03F900DF9E2F /* wavy.gif in Resources */ = {isa = PBXBuildFile; fileRef = F12D22CB2B0A03F900DF9E2F /* wavy.gif */; };
		F12D22CE2B0A098F00DF9E2F /* AgroView.swift in Sources */ = {isa = PBXBuildFile; fileRef = F12D22CD2B0A098F00DF9E2F /* AgroView.swift */; };
		F12D22D02B0A0AE800DF9E2F /* Step1View.swift in Sources */ = {isa = PBXBuildFile; fileRef = F12D22CF2B0A0AE700DF9E2F /* Step1View.swift */; };
		F12D22D22B0A0AF500DF9E2F /* Step2View.swift in Sources */ = {isa = PBXBuildFile; fileRef = F12D22D12B0A0AF500DF9E2F /* Step2View.swift */; };
		F12D22D42B0A0B0B00DF9E2F /* Step3View.swift in Sources */ = {isa = PBXBuildFile; fileRef = F12D22D32B0A0B0B00DF9E2F /* Step3View.swift */; };
		F12D22D62B0A0B1900DF9E2F /* Step4View.swift in Sources */ = {isa = PBXBuildFile; fileRef = F12D22D52B0A0B1900DF9E2F /* Step4View.swift */; };
		F12D22D82B0A0C5C00DF9E2F /* InWorkView.swift in Sources */ = {isa = PBXBuildFile; fileRef = F12D22D72B0A0C5C00DF9E2F /* InWorkView.swift */; };
		F12D22DD2B0A12A300DF9E2F /* tractor-zeggs.gif in Resources */ = {isa = PBXBuildFile; fileRef = F12D22DC2B0A12A300DF9E2F /* tractor-zeggs.gif */; };
		F1C3A9B32B0967AF00F1A67E /* ProfileView.swift in Sources */ = {isa = PBXBuildFile; fileRef = F1C3A9B22B0967AF00F1A67E /* ProfileView.swift */; };
		F1C3A9B82B097D6C00F1A67E /* ProgressBar.swift in Sources */ = {isa = PBXBuildFile; fileRef = F1C3A9B72B097D6C00F1A67E /* ProgressBar.swift */; };
		F1C3A9BB2B09916900F1A67E /* TextStyles.swift in Sources */ = {isa = PBXBuildFile; fileRef = F1C3A9BA2B09916900F1A67E /* TextStyles.swift */; };
		F1FBB4562B095A30000B3EDB /* AgroAppApp.swift in Sources */ = {isa = PBXBuildFile; fileRef = F1FBB4552B095A30000B3EDB /* AgroAppApp.swift */; };
		F1FBB4582B095A30000B3EDB /* ContentView.swift in Sources */ = {isa = PBXBuildFile; fileRef = F1FBB4572B095A30000B3EDB /* ContentView.swift */; };
		F1FBB45A2B095A31000B3EDB /* Assets.xcassets in Resources */ = {isa = PBXBuildFile; fileRef = F1FBB4592B095A31000B3EDB /* Assets.xcassets */; };
		F1FBB45D2B095A31000B3EDB /* Preview Assets.xcassets in Resources */ = {isa = PBXBuildFile; fileRef = F1FBB45C2B095A31000B3EDB /* Preview Assets.xcassets */; };
/* End PBXBuildFile section */

/* Begin PBXFileReference section */
		F11742342B0A2BFD00C74951 /* CustomChatCell.swift */ = {isa = PBXFileReference; lastKnownFileType = sourcecode.swift; path = CustomChatCell.swift; sourceTree = "<group>"; };
		F12D229F2B09AE6E00DF9E2F /* TasksView.swift */ = {isa = PBXFileReference; lastKnownFileType = sourcecode.swift; path = TasksView.swift; sourceTree = "<group>"; };
		F12D22A12B09B09200DF9E2F /* Info.plist */ = {isa = PBXFileReference; lastKnownFileType = text.plist; path = Info.plist; sourceTree = "<group>"; };
		F12D22A32B09B1D700DF9E2F /* Task.swift */ = {isa = PBXFileReference; lastKnownFileType = sourcecode.swift; path = Task.swift; sourceTree = "<group>"; };
		F12D22A52B09DB4800DF9E2F /* DetailedTaskView.swift */ = {isa = PBXFileReference; lastKnownFileType = sourcecode.swift; path = DetailedTaskView.swift; sourceTree = "<group>"; };
		F12D22C82B0A025400DF9E2F /* GifImage.swift */ = {isa = PBXFileReference; lastKnownFileType = sourcecode.swift; path = GifImage.swift; sourceTree = "<group>"; };
		F12D22CB2B0A03F900DF9E2F /* wavy.gif */ = {isa = PBXFileReference; lastKnownFileType = image.gif; path = wavy.gif; sourceTree = "<group>"; };
		F12D22CD2B0A098F00DF9E2F /* AgroView.swift */ = {isa = PBXFileReference; lastKnownFileType = sourcecode.swift; path = AgroView.swift; sourceTree = "<group>"; };
		F12D22CF2B0A0AE700DF9E2F /* Step1View.swift */ = {isa = PBXFileReference; lastKnownFileType = sourcecode.swift; path = Step1View.swift; sourceTree = "<group>"; };
		F12D22D12B0A0AF500DF9E2F /* Step2View.swift */ = {isa = PBXFileReference; lastKnownFileType = sourcecode.swift; path = Step2View.swift; sourceTree = "<group>"; };
		F12D22D32B0A0B0B00DF9E2F /* Step3View.swift */ = {isa = PBXFileReference; lastKnownFileType = sourcecode.swift; path = Step3View.swift; sourceTree = "<group>"; };
		F12D22D52B0A0B1900DF9E2F /* Step4View.swift */ = {isa = PBXFileReference; lastKnownFileType = sourcecode.swift; path = Step4View.swift; sourceTree = "<group>"; };
		F12D22D72B0A0C5C00DF9E2F /* InWorkView.swift */ = {isa = PBXFileReference; lastKnownFileType = sourcecode.swift; path = InWorkView.swift; sourceTree = "<group>"; };
		F12D22DC2B0A12A300DF9E2F /* tractor-zeggs.gif */ = {isa = PBXFileReference; lastKnownFileType = image.gif; path = "tractor-zeggs.gif"; sourceTree = "<group>"; };
		F1C3A9B22B0967AF00F1A67E /* ProfileView.swift */ = {isa = PBXFileReference; lastKnownFileType = sourcecode.swift; path = ProfileView.swift; sourceTree = "<group>"; };
		F1C3A9B72B097D6C00F1A67E /* ProgressBar.swift */ = {isa = PBXFileReference; lastKnownFileType = sourcecode.swift; path = ProgressBar.swift; sourceTree = "<group>"; };
		F1C3A9BA2B09916900F1A67E /* TextStyles.swift */ = {isa = PBXFileReference; lastKnownFileType = sourcecode.swift; path = TextStyles.swift; sourceTree = "<group>"; };
		F1FBB4522B095A30000B3EDB /* AgroApp.app */ = {isa = PBXFileReference; explicitFileType = wrapper.application; includeInIndex = 0; path = AgroApp.app; sourceTree = BUILT_PRODUCTS_DIR; };
		F1FBB4552B095A30000B3EDB /* AgroAppApp.swift */ = {isa = PBXFileReference; lastKnownFileType = sourcecode.swift; path = AgroAppApp.swift; sourceTree = "<group>"; };
		F1FBB4572B095A30000B3EDB /* ContentView.swift */ = {isa = PBXFileReference; lastKnownFileType = sourcecode.swift; path = ContentView.swift; sourceTree = "<group>"; };
		F1FBB4592B095A31000B3EDB /* Assets.xcassets */ = {isa = PBXFileReference; lastKnownFileType = folder.assetcatalog; path = Assets.xcassets; sourceTree = "<group>"; };
		F1FBB45C2B095A31000B3EDB /* Preview Assets.xcassets */ = {isa = PBXFileReference; lastKnownFileType = folder.assetcatalog; path = "Preview Assets.xcassets"; sourceTree = "<group>"; };
/* End PBXFileReference section */

/* Begin PBXFrameworksBuildPhase section */
		F1FBB44F2B095A30000B3EDB /* Frameworks */ = {
			isa = PBXFrameworksBuildPhase;
			buildActionMask = 2147483647;
			files = (
				F117423A2B0A2CCC00C74951 /* MessageKit in Frameworks */,
				F12D22C52B09FDC000DF9E2F /* SwiftNFC in Frameworks */,
				F11742382B0A2CB100C74951 /* MessageKit in Frameworks */,
			);
			runOnlyForDeploymentPostprocessing = 0;
		};
/* End PBXFrameworksBuildPhase section */

/* Begin PBXGroup section */
		F12D22A22B09B1CB00DF9E2F /* Models */ = {
			isa = PBXGroup;
			children = (
				F12D22A32B09B1D700DF9E2F /* Task.swift */,
			);
			path = Models;
			sourceTree = "<group>";
		};
		F1C3A9AF2B09677900F1A67E /* Profile */ = {
			isa = PBXGroup;
			children = (
				F1C3A9B22B0967AF00F1A67E /* ProfileView.swift */,
			);
			path = Profile;
			sourceTree = "<group>";
		};
		F1C3A9B02B09678000F1A67E /* Chat */ = {
			isa = PBXGroup;
			children = (
				F11742342B0A2BFD00C74951 /* CustomChatCell.swift */,
			);
			path = Chat;
			sourceTree = "<group>";
		};
		F1C3A9B12B09678B00F1A67E /* Tasks */ = {
			isa = PBXGroup;
			children = (
				F12D229F2B09AE6E00DF9E2F /* TasksView.swift */,
				F12D22A52B09DB4800DF9E2F /* DetailedTaskView.swift */,
				F12D22CF2B0A0AE700DF9E2F /* Step1View.swift */,
				F12D22DC2B0A12A300DF9E2F /* tractor-zeggs.gif */,
				F12D22D12B0A0AF500DF9E2F /* Step2View.swift */,
				F12D22D32B0A0B0B00DF9E2F /* Step3View.swift */,
				F12D22D52B0A0B1900DF9E2F /* Step4View.swift */,
				F12D22D72B0A0C5C00DF9E2F /* InWorkView.swift */,
			);
			path = Tasks;
			sourceTree = "<group>";
		};
		F1C3A9B42B097C3600F1A67E /* Components */ = {
			isa = PBXGroup;
			children = (
				F1C3A9B72B097D6C00F1A67E /* ProgressBar.swift */,
				F12D22C82B0A025400DF9E2F /* GifImage.swift */,
			);
			path = Components;
			sourceTree = "<group>";
		};
		F1C3A9B92B097FF200F1A67E /* TextStyles */ = {
			isa = PBXGroup;
			children = (
				F1C3A9BA2B09916900F1A67E /* TextStyles.swift */,
			);
			path = TextStyles;
			sourceTree = "<group>";
		};
		F1FBB4492B095A30000B3EDB = {
			isa = PBXGroup;
			children = (
				F1FBB4542B095A30000B3EDB /* AgroApp */,
				F1FBB4532B095A30000B3EDB /* Products */,
			);
			sourceTree = "<group>";
		};
		F1FBB4532B095A30000B3EDB /* Products */ = {
			isa = PBXGroup;
			children = (
				F1FBB4522B095A30000B3EDB /* AgroApp.app */,
			);
			name = Products;
			sourceTree = "<group>";
		};
		F1FBB4542B095A30000B3EDB /* AgroApp */ = {
			isa = PBXGroup;
			children = (
				F12D22A22B09B1CB00DF9E2F /* Models */,
				F12D22A12B09B09200DF9E2F /* Info.plist */,
				F1C3A9B92B097FF200F1A67E /* TextStyles */,
				F1C3A9B42B097C3600F1A67E /* Components */,
				F1C3A9B12B09678B00F1A67E /* Tasks */,
				F1C3A9B02B09678000F1A67E /* Chat */,
				F1C3A9AF2B09677900F1A67E /* Profile */,
				F1FBB4552B095A30000B3EDB /* AgroAppApp.swift */,
				F1FBB4572B095A30000B3EDB /* ContentView.swift */,
				F12D22CB2B0A03F900DF9E2F /* wavy.gif */,
				F1FBB4592B095A31000B3EDB /* Assets.xcassets */,
				F1FBB45B2B095A31000B3EDB /* Preview Content */,
				F12D22CD2B0A098F00DF9E2F /* AgroView.swift */,
			);
			path = AgroApp;
			sourceTree = "<group>";
		};
		F1FBB45B2B095A31000B3EDB /* Preview Content */ = {
			isa = PBXGroup;
			children = (
				F1FBB45C2B095A31000B3EDB /* Preview Assets.xcassets */,
			);
			path = "Preview Content";
			sourceTree = "<group>";
		};
/* End PBXGroup section */

/* Begin PBXNativeTarget section */
		F1FBB4512B095A30000B3EDB /* AgroApp */ = {
			isa = PBXNativeTarget;
			buildConfigurationList = F1FBB4602B095A31000B3EDB /* Build configuration list for PBXNativeTarget "AgroApp" */;
			buildPhases = (
				F1FBB44E2B095A30000B3EDB /* Sources */,
				F1FBB44F2B095A30000B3EDB /* Frameworks */,
				F1FBB4502B095A30000B3EDB /* Resources */,
			);
			buildRules = (
			);
			dependencies = (
			);
			name = AgroApp;
			packageProductDependencies = (
				F12D22C42B09FDC000DF9E2F /* SwiftNFC */,
				F11742372B0A2CB100C74951 /* MessageKit */,
				F11742392B0A2CCC00C74951 /* MessageKit */,
			);
			productName = AgroApp;
			productReference = F1FBB4522B095A30000B3EDB /* AgroApp.app */;
			productType = "com.apple.product-type.application";
		};
/* End PBXNativeTarget section */

/* Begin PBXProject section */
		F1FBB44A2B095A30000B3EDB /* Project object */ = {
			isa = PBXProject;
			attributes = {
				BuildIndependentTargetsInParallel = 1;
				LastSwiftUpdateCheck = 1430;
				LastUpgradeCheck = 1430;
				TargetAttributes = {
					F1FBB4512B095A30000B3EDB = {
						CreatedOnToolsVersion = 14.3.1;
					};
				};
			};
			buildConfigurationList = F1FBB44D2B095A30000B3EDB /* Build configuration list for PBXProject "AgroApp" */;
			compatibilityVersion = "Xcode 14.0";
			developmentRegion = en;
			hasScannedForEncodings = 0;
			knownRegions = (
				en,
				Base,
			);
			mainGroup = F1FBB4492B095A30000B3EDB;
			packageReferences = (
				F12D22C32B09FDC000DF9E2F /* XCRemoteSwiftPackageReference "SwiftNFC" */,
				F11742362B0A2CB100C74951 /* XCRemoteSwiftPackageReference "MessageKit" */,
			);
			productRefGroup = F1FBB4532B095A30000B3EDB /* Products */;
			projectDirPath = "";
			projectRoot = "";
			targets = (
				F1FBB4512B095A30000B3EDB /* AgroApp */,
			);
		};
/* End PBXProject section */

/* Begin PBXResourcesBuildPhase section */
		F1FBB4502B095A30000B3EDB /* Resources */ = {
			isa = PBXResourcesBuildPhase;
			buildActionMask = 2147483647;
			files = (
				F12D22DD2B0A12A300DF9E2F /* tractor-zeggs.gif in Resources */,
				F12D22CC2B0A03F900DF9E2F /* wavy.gif in Resources */,
				F1FBB45D2B095A31000B3EDB /* Preview Assets.xcassets in Resources */,
				F1FBB45A2B095A31000B3EDB /* Assets.xcassets in Resources */,
			);
			runOnlyForDeploymentPostprocessing = 0;
		};
/* End PBXResourcesBuildPhase section */

/* Begin PBXSourcesBuildPhase section */
		F1FBB44E2B095A30000B3EDB /* Sources */ = {
			isa = PBXSourcesBuildPhase;
			buildActionMask = 2147483647;
			files = (
				F12D22D82B0A0C5C00DF9E2F /* InWorkView.swift in Sources */,
				F1FBB4582B095A30000B3EDB /* ContentView.swift in Sources */,
				F12D22A02B09AE6E00DF9E2F /* TasksView.swift in Sources */,
				F12D22D42B0A0B0B00DF9E2F /* Step3View.swift in Sources */,
				F1C3A9B32B0967AF00F1A67E /* ProfileView.swift in Sources */,
				F12D22C92B0A025400DF9E2F /* GifImage.swift in Sources */,
				F12D22A62B09DB4800DF9E2F /* DetailedTaskView.swift in Sources */,
				F12D22D02B0A0AE800DF9E2F /* Step1View.swift in Sources */,
				F12D22CE2B0A098F00DF9E2F /* AgroView.swift in Sources */,
				F1C3A9BB2B09916900F1A67E /* TextStyles.swift in Sources */,
				F11742352B0A2BFD00C74951 /* CustomChatCell.swift in Sources */,
				F1C3A9B82B097D6C00F1A67E /* ProgressBar.swift in Sources */,
				F12D22A42B09B1D700DF9E2F /* Task.swift in Sources */,
				F1FBB4562B095A30000B3EDB /* AgroAppApp.swift in Sources */,
				F12D22D22B0A0AF500DF9E2F /* Step2View.swift in Sources */,
				F12D22D62B0A0B1900DF9E2F /* Step4View.swift in Sources */,
			);
			runOnlyForDeploymentPostprocessing = 0;
		};
/* End PBXSourcesBuildPhase section */

/* Begin XCBuildConfiguration section */
		F1FBB45E2B095A31000B3EDB /* Debug */ = {
			isa = XCBuildConfiguration;
			buildSettings = {
				ALWAYS_SEARCH_USER_PATHS = NO;
				CLANG_ANALYZER_NONNULL = YES;
				CLANG_ANALYZER_NUMBER_OBJECT_CONVERSION = YES_AGGRESSIVE;
				CLANG_CXX_LANGUAGE_STANDARD = "gnu++20";
				CLANG_ENABLE_MODULES = YES;
				CLANG_ENABLE_OBJC_ARC = YES;
				CLANG_ENABLE_OBJC_WEAK = YES;
				CLANG_WARN_BLOCK_CAPTURE_AUTORELEASING = YES;
				CLANG_WARN_BOOL_CONVERSION = YES;
				CLANG_WARN_COMMA = YES;
				CLANG_WARN_CONSTANT_CONVERSION = YES;
				CLANG_WARN_DEPRECATED_OBJC_IMPLEMENTATIONS = YES;
				CLANG_WARN_DIRECT_OBJC_ISA_USAGE = YES_ERROR;
				CLANG_WARN_DOCUMENTATION_COMMENTS = YES;
				CLANG_WARN_EMPTY_BODY = YES;
				CLANG_WARN_ENUM_CONVERSION = YES;
				CLANG_WARN_INFINITE_RECURSION = YES;
				CLANG_WARN_INT_CONVERSION = YES;
				CLANG_WARN_NON_LITERAL_NULL_CONVERSION = YES;
				CLANG_WARN_OBJC_IMPLICIT_RETAIN_SELF = YES;
				CLANG_WARN_OBJC_LITERAL_CONVERSION = YES;
				CLANG_WARN_OBJC_ROOT_CLASS = YES_ERROR;
				CLANG_WARN_QUOTED_INCLUDE_IN_FRAMEWORK_HEADER = YES;
				CLANG_WARN_RANGE_LOOP_ANALYSIS = YES;
				CLANG_WARN_STRICT_PROTOTYPES = YES;
				CLANG_WARN_SUSPICIOUS_MOVE = YES;
				CLANG_WARN_UNGUARDED_AVAILABILITY = YES_AGGRESSIVE;
				CLANG_WARN_UNREACHABLE_CODE = YES;
				CLANG_WARN__DUPLICATE_METHOD_MATCH = YES;
				COPY_PHASE_STRIP = NO;
				DEBUG_INFORMATION_FORMAT = dwarf;
				ENABLE_STRICT_OBJC_MSGSEND = YES;
				ENABLE_TESTABILITY = YES;
				GCC_C_LANGUAGE_STANDARD = gnu11;
				GCC_DYNAMIC_NO_PIC = NO;
				GCC_NO_COMMON_BLOCKS = YES;
				GCC_OPTIMIZATION_LEVEL = 0;
				GCC_PREPROCESSOR_DEFINITIONS = (
					"DEBUG=1",
					"$(inherited)",
				);
				GCC_WARN_64_TO_32_BIT_CONVERSION = YES;
				GCC_WARN_ABOUT_RETURN_TYPE = YES_ERROR;
				GCC_WARN_UNDECLARED_SELECTOR = YES;
				GCC_WARN_UNINITIALIZED_AUTOS = YES_AGGRESSIVE;
				GCC_WARN_UNUSED_FUNCTION = YES;
				GCC_WARN_UNUSED_VARIABLE = YES;
				IPHONEOS_DEPLOYMENT_TARGET = 16.4;
				MTL_ENABLE_DEBUG_INFO = INCLUDE_SOURCE;
				MTL_FAST_MATH = YES;
				ONLY_ACTIVE_ARCH = YES;
				SDKROOT = iphoneos;
				SWIFT_ACTIVE_COMPILATION_CONDITIONS = DEBUG;
				SWIFT_OPTIMIZATION_LEVEL = "-Onone";
			};
			name = Debug;
		};
		F1FBB45F2B095A31000B3EDB /* Release */ = {
			isa = XCBuildConfiguration;
			buildSettings = {
				ALWAYS_SEARCH_USER_PATHS = NO;
				CLANG_ANALYZER_NONNULL = YES;
				CLANG_ANALYZER_NUMBER_OBJECT_CONVERSION = YES_AGGRESSIVE;
				CLANG_CXX_LANGUAGE_STANDARD = "gnu++20";
				CLANG_ENABLE_MODULES = YES;
				CLANG_ENABLE_OBJC_ARC = YES;
				CLANG_ENABLE_OBJC_WEAK = YES;
				CLANG_WARN_BLOCK_CAPTURE_AUTORELEASING = YES;
				CLANG_WARN_BOOL_CONVERSION = YES;
				CLANG_WARN_COMMA = YES;
				CLANG_WARN_CONSTANT_CONVERSION = YES;
				CLANG_WARN_DEPRECATED_OBJC_IMPLEMENTATIONS = YES;
				CLANG_WARN_DIRECT_OBJC_ISA_USAGE = YES_ERROR;
				CLANG_WARN_DOCUMENTATION_COMMENTS = YES;
				CLANG_WARN_EMPTY_BODY = YES;
				CLANG_WARN_ENUM_CONVERSION = YES;
				CLANG_WARN_INFINITE_RECURSION = YES;
				CLANG_WARN_INT_CONVERSION = YES;
				CLANG_WARN_NON_LITERAL_NULL_CONVERSION = YES;
				CLANG_WARN_OBJC_IMPLICIT_RETAIN_SELF = YES;
				CLANG_WARN_OBJC_LITERAL_CONVERSION = YES;
				CLANG_WARN_OBJC_ROOT_CLASS = YES_ERROR;
				CLANG_WARN_QUOTED_INCLUDE_IN_FRAMEWORK_HEADER = YES;
				CLANG_WARN_RANGE_LOOP_ANALYSIS = YES;
				CLANG_WARN_STRICT_PROTOTYPES = YES;
				CLANG_WARN_SUSPICIOUS_MOVE = YES;
				CLANG_WARN_UNGUARDED_AVAILABILITY = YES_AGGRESSIVE;
				CLANG_WARN_UNREACHABLE_CODE = YES;
				CLANG_WARN__DUPLICATE_METHOD_MATCH = YES;
				COPY_PHASE_STRIP = NO;
				DEBUG_INFORMATION_FORMAT = "dwarf-with-dsym";
				ENABLE_NS_ASSERTIONS = NO;
				ENABLE_STRICT_OBJC_MSGSEND = YES;
				GCC_C_LANGUAGE_STANDARD = gnu11;
				GCC_NO_COMMON_BLOCKS = YES;
				GCC_WARN_64_TO_32_BIT_CONVERSION = YES;
				GCC_WARN_ABOUT_RETURN_TYPE = YES_ERROR;
				GCC_WARN_UNDECLARED_SELECTOR = YES;
				GCC_WARN_UNINITIALIZED_AUTOS = YES_AGGRESSIVE;
				GCC_WARN_UNUSED_FUNCTION = YES;
				GCC_WARN_UNUSED_VARIABLE = YES;
				IPHONEOS_DEPLOYMENT_TARGET = 16.4;
				MTL_ENABLE_DEBUG_INFO = NO;
				MTL_FAST_MATH = YES;
				SDKROOT = iphoneos;
				SWIFT_COMPILATION_MODE = wholemodule;
				SWIFT_OPTIMIZATION_LEVEL = "-O";
				VALIDATE_PRODUCT = YES;
			};
			name = Release;
		};
		F1FBB4612B095A31000B3EDB /* Debug */ = {
			isa = XCBuildConfiguration;
			buildSettings = {
				ASSETCATALOG_COMPILER_APPICON_NAME = AppIcon;
				ASSETCATALOG_COMPILER_GLOBAL_ACCENT_COLOR_NAME = AccentColor;
				CODE_SIGN_STYLE = Automatic;
				CURRENT_PROJECT_VERSION = 1;
				DEVELOPMENT_ASSET_PATHS = "\"AgroApp/Preview Content\"";
				DEVELOPMENT_TEAM = L9UPQJX3K2;
				ENABLE_PREVIEWS = YES;
				GENERATE_INFOPLIST_FILE = YES;
				INFOPLIST_FILE = AgroApp/Info.plist;
				INFOPLIST_KEY_UIApplicationSceneManifest_Generation = YES;
				INFOPLIST_KEY_UIApplicationSupportsIndirectInputEvents = YES;
				INFOPLIST_KEY_UILaunchScreen_Generation = YES;
				INFOPLIST_KEY_UISupportedInterfaceOrientations_iPad = "UIInterfaceOrientationPortrait UIInterfaceOrientationPortraitUpsideDown UIInterfaceOrientationLandscapeLeft UIInterfaceOrientationLandscapeRight";
				INFOPLIST_KEY_UISupportedInterfaceOrientations_iPhone = "UIInterfaceOrientationPortrait UIInterfaceOrientationLandscapeLeft UIInterfaceOrientationLandscapeRight";
				LD_RUNPATH_SEARCH_PATHS = (
					"$(inherited)",
					"@executable_path/Frameworks",
				);
				MARKETING_VERSION = 1.0;
				PRODUCT_BUNDLE_IDENTIFIER = "roku-zeros.AgroApp";
				PRODUCT_NAME = "$(TARGET_NAME)";
				SWIFT_EMIT_LOC_STRINGS = YES;
				SWIFT_VERSION = 5.0;
				TARGETED_DEVICE_FAMILY = "1,2";
			};
			name = Debug;
		};
		F1FBB4622B095A31000B3EDB /* Release */ = {
			isa = XCBuildConfiguration;
			buildSettings = {
				ASSETCATALOG_COMPILER_APPICON_NAME = AppIcon;
				ASSETCATALOG_COMPILER_GLOBAL_ACCENT_COLOR_NAME = AccentColor;
				CODE_SIGN_STYLE = Automatic;
				CURRENT_PROJECT_VERSION = 1;
				DEVELOPMENT_ASSET_PATHS = "\"AgroApp/Preview Content\"";
				DEVELOPMENT_TEAM = L9UPQJX3K2;
				ENABLE_PREVIEWS = YES;
				GENERATE_INFOPLIST_FILE = YES;
				INFOPLIST_FILE = AgroApp/Info.plist;
				INFOPLIST_KEY_UIApplicationSceneManifest_Generation = YES;
				INFOPLIST_KEY_UIApplicationSupportsIndirectInputEvents = YES;
				INFOPLIST_KEY_UILaunchScreen_Generation = YES;
				INFOPLIST_KEY_UISupportedInterfaceOrientations_iPad = "UIInterfaceOrientationPortrait UIInterfaceOrientationPortraitUpsideDown UIInterfaceOrientationLandscapeLeft UIInterfaceOrientationLandscapeRight";
				INFOPLIST_KEY_UISupportedInterfaceOrientations_iPhone = "UIInterfaceOrientationPortrait UIInterfaceOrientationLandscapeLeft UIInterfaceOrientationLandscapeRight";
				LD_RUNPATH_SEARCH_PATHS = (
					"$(inherited)",
					"@executable_path/Frameworks",
				);
				MARKETING_VERSION = 1.0;
				PRODUCT_BUNDLE_IDENTIFIER = "roku-zeros.AgroApp";
				PRODUCT_NAME = "$(TARGET_NAME)";
				SWIFT_EMIT_LOC_STRINGS = YES;
				SWIFT_VERSION = 5.0;
				TARGETED_DEVICE_FAMILY = "1,2";
			};
			name = Release;
		};
/* End XCBuildConfiguration section */

/* Begin XCConfigurationList section */
		F1FBB44D2B095A30000B3EDB /* Build configuration list for PBXProject "AgroApp" */ = {
			isa = XCConfigurationList;
			buildConfigurations = (
				F1FBB45E2B095A31000B3EDB /* Debug */,
				F1FBB45F2B095A31000B3EDB /* Release */,
			);
			defaultConfigurationIsVisible = 0;
			defaultConfigurationName = Release;
		};
		F1FBB4602B095A31000B3EDB /* Build configuration list for PBXNativeTarget "AgroApp" */ = {
			isa = XCConfigurationList;
			buildConfigurations = (
				F1FBB4612B095A31000B3EDB /* Debug */,
				F1FBB4622B095A31000B3EDB /* Release */,
			);
			defaultConfigurationIsVisible = 0;
			defaultConfigurationName = Release;
		};
/* End XCConfigurationList section */

/* Begin XCRemoteSwiftPackageReference section */
		F11742362B0A2CB100C74951 /* XCRemoteSwiftPackageReference "MessageKit" */ = {
			isa = XCRemoteSwiftPackageReference;
			repositoryURL = "https://github.com/MessageKit/MessageKit";
			requirement = {
				kind = upToNextMajorVersion;
				minimumVersion = 4.2.0;
			};
		};
		F12D22C32B09FDC000DF9E2F /* XCRemoteSwiftPackageReference "SwiftNFC" */ = {
			isa = XCRemoteSwiftPackageReference;
			repositoryURL = "https://github.com/1998code/SwiftNFC/";
			requirement = {
				kind = upToNextMajorVersion;
				minimumVersion = 1.3.0;
			};
		};
/* End XCRemoteSwiftPackageReference section */

/* Begin XCSwiftPackageProductDependency section */
		F11742372B0A2CB100C74951 /* MessageKit */ = {
			isa = XCSwiftPackageProductDependency;
			package = F11742362B0A2CB100C74951 /* XCRemoteSwiftPackageReference "MessageKit" */;
			productName = MessageKit;
		};
		F11742392B0A2CCC00C74951 /* MessageKit */ = {
			isa = XCSwiftPackageProductDependency;
			package = F11742362B0A2CB100C74951 /* XCRemoteSwiftPackageReference "MessageKit" */;
			productName = MessageKit;
		};
		F12D22C42B09FDC000DF9E2F /* SwiftNFC */ = {
			isa = XCSwiftPackageProductDependency;
			package = F12D22C32B09FDC000DF9E2F /* XCRemoteSwiftPackageReference "SwiftNFC" */;
			productName = SwiftNFC;
		};
/* End XCSwiftPackageProductDependency section */
	};
	rootObject = F1FBB44A2B095A30000B3EDB /* Project object */;
}
